
Microsoft Visual Studio Solution File, Format Version 12.00
# Visual Studio Version 16
VisualStudioVersion = 16.0.31911.196
MinimumVisualStudioVersion = 10.0.40219.1
Project("{FAE04EC0-301F-11D3-BF4B-00C04F79EFBC}") = "WebServiceTutorial.Android", "WebServiceTutorial\WebServiceTutorial.Android\WebServiceTutorial.Android.csproj", "{F0669D21-5FC8-459C-98F7-A374A162AD01}"
EndProject
Project("{FAE04EC0-301F-11D3-BF4B-00C04F79EFBC}") = "WebServiceTutorial.iOS", "WebServiceTutorial\WebServiceTutorial.iOS\WebServiceTutorial.iOS.csproj", "{426DA14C-D007-428C-BDB0-8BF54F91E54D}"
EndProject
Project("{FAE04EC0-301F-11D3-BF4B-00C04F79EFBC}") = "WebServiceTutorial", "WebServiceTutorial\WebServiceTutorial\WebServiceTutorial.csproj", "{3B9A39FB-A83D-4B50-AC56-EFAE78EAB7E4}"
EndProject
Global
	GlobalSection(SolutionConfigurationPlatforms) = preSolution
		Debug|Any CPU = Debug|Any CPU
		Debug|iPhone = Debug|iPhone
		Debug|iPhoneSimulator = Debug|iPhoneSimulator
		Release|Any CPU = Release|Any CPU
		Release|iPhone = Release|iPhone
		Release|iPhoneSimulator = Release|iPhoneSimulator
	EndGlobalSection
	GlobalSection(ProjectConfigurationPlatforms) = postSolution
		{F0669D21-5FC8-459C-98F7-A374A162AD01}.Debug|Any CPU.ActiveCfg = Debug|Any CPU
		{F0669D21-5FC8-459C-98F7-A374A162AD01}.Debug|Any CPU.Build.0 = Debug|Any CPU
		{F0669D21-5FC8-459C-98F7-A374A162AD01}.Debug|Any CPU.Deploy.0 = Debug|Any CPU
		{F0669D21-5FC8-459C-98F7-A374A162AD01}.Debug|iPhone.ActiveCfg = Debug|Any CPU
		{F0669D21-5FC8-459C-98F7-A374A162AD01}.Debug|iPhone.Build.0 = Debug|Any CPU
		{F0669D21-5FC8-459C-98F7-A374A162AD01}.Debug|iPhone.Deploy.0 = Debug|Any CPU
		{F0669D21-5FC8-459C-98F7-A374A162AD01}.Debug|iPhoneSimulator.ActiveCfg = Debug|Any CPU
		{F0669D21-5FC8-459C-98F7-A374A162AD01}.Debug|iPhoneSimulator.Build.0 = Debug|Any CPU
		{F0669D21-5FC8-459C-98F7-A374A162AD01}.Debug|iPhoneSimulator.Deploy.0 = Debug|Any CPU
		{F0669D21-5FC8-459C-98F7-A374A162AD01}.Release|Any CPU.ActiveCfg = Release|Any CPU
		{F0669D21-5FC8-459C-98F7-A374A162AD01}.Release|Any CPU.Build.0 = Release|Any CPU
		{F0669D21-5FC8-459C-98F7-A374A162AD01}.Release|Any CPU.Deploy.0 = Release|Any CPU
		{F0669D21-5FC8-459C-98F7-A374A162AD01}.Release|iPhone.ActiveCfg = Release|Any CPU
		{F0669D21-5FC8-459C-98F7-A374A162AD01}.Release|iPhone.Build.0 = Release|Any CPU
		{F0669D21-5FC8-459C-98F7-A374A162AD01}.Release|iPhone.Deploy.0 = Release|Any CPU
		{F0669D21-5FC8-459C-98F7-A374A162AD01}.Release|iPhoneSimulator.ActiveCfg = Release|Any CPU
		{F0669D21-5FC8-459C-98F7-A374A162AD01}.Release|iPhoneSimulator.Build.0 = Release|Any CPU
		{F0669D21-5FC8-459C-98F7-A374A162AD01}.Release|iPhoneSimulator.Deploy.0 = Release|Any CPU
		{426DA14C-D007-428C-BDB0-8BF54F91E54D}.Debug|Any CPU.ActiveCfg = Debug|iPhone
		{426DA14C-D007-428C-BDB0-8BF54F91E54D}.Debug|Any CPU.Build.0 = Debug|iPhone
		{426DA14C-D007-428C-BDB0-8BF54F91E54D}.Debug|Any CPU.Deploy.0 = Debug|iPhone
		{426DA14C-D007-428C-BDB0-8BF54F91E54D}.Debug|iPhone.ActiveCfg = Debug|iPhone
		{426DA14C-D007-428C-BDB0-8BF54F91E54D}.Debug|iPhone.Build.0 = Debug|iPhone
		{426DA14C-D007-428C-BDB0-8BF54F91E54D}.Debug|iPhone.Deploy.0 = Debug|iPhone
		{426DA14C-D007-428C-BDB0-8BF54F91E54D}.Debug|iPhoneSimulator.ActiveCfg = Debug|iPhoneSimulator
		{426DA14C-D007-428C-BDB0-8BF54F91E54D}.Debug|iPhoneSimulator.Build.0 = Debug|iPhoneSimulator
		{426DA14C-D007-428C-BDB0-8BF54F91E54D}.Debug|iPhoneSimulator.Deploy.0 = Debug|iPhoneSimulator
		{426DA14C-D007-428C-BDB0-8BF54F91E54D}.Release|Any CPU.ActiveCfg = Release|iPhoneSimulator
		{426DA14C-D007-428C-BDB0-8BF54F91E54D}.Release|Any CPU.Build.0 = Release|iPhoneSimulator
		{426DA14C-D007-428C-BDB0-8BF54F91E54D}.Release|Any CPU.Deploy.0 = Release|iPhoneSimulator
		{426DA14C-D007-428C-BDB0-8BF54F91E54D}.Release|iPhone.ActiveCfg = Release|iPhone
		{426DA14C-D007-428C-BDB0-8BF54F91E54D}.Release|iPhone.Build.0 = Release|iPhone
		{426DA14C-D007-428C-BDB0-8BF54F91E54D}.Release|iPhone.Deploy.0 = Release|iPhone
		{426DA14C-D007-428C-BDB0-8BF54F91E54D}.Release|iPhoneSimulator.ActiveCfg = Release|iPhoneSimulator
		{426DA14C-D007-428C-BDB0-8BF54F91E54D}.Release|iPhoneSimulator.Build.0 = Release|iPhoneSimulator
		{426DA14C-D007-428C-BDB0-8BF54F91E54D}.Release|iPhoneSimulator.Deploy.0 = Release|iPhoneSimulator
		{3B9A39FB-A83D-4B50-AC56-EFAE78EAB7E4}.Debug|Any CPU.ActiveCfg = Debug|Any CPU
		{3B9A39FB-A83D-4B50-AC56-EFAE78EAB7E4}.Debug|Any CPU.Build.0 = Debug|Any CPU
		{3B9A39FB-A83D-4B50-AC56-EFAE78EAB7E4}.Debug|Any CPU.Deploy.0 = Debug|Any CPU
		{3B9A39FB-A83D-4B50-AC56-EFAE78EAB7E4}.Debug|iPhone.ActiveCfg = Debug|Any CPU
		{3B9A39FB-A83D-4B50-AC56-EFAE78EAB7E4}.Debug|iPhone.Build.0 = Debug|Any CPU
		{3B9A39FB-A83D-4B50-AC56-EFAE78EAB7E4}.Debug|iPhone.Deploy.0 = Debug|Any CPU
		{3B9A39FB-A83D-4B50-AC56-EFAE78EAB7E4}.Debug|iPhoneSimulator.ActiveCfg = Debug|Any CPU
		{3B9A39FB-A83D-4B50-AC56-EFAE78EAB7E4}.Debug|iPhoneSimulator.Build.0 = Debug|Any CPU
		{3B9A39FB-A83D-4B50-AC56-EFAE78EAB7E4}.Debug|iPhoneSimulator.Deploy.0 = Debug|Any CPU
		{3B9A39FB-A83D-4B50-AC56-EFAE78EAB7E4}.Release|Any CPU.ActiveCfg = Release|Any CPU
		{3B9A39FB-A83D-4B50-AC56-EFAE78EAB7E4}.Release|Any CPU.Build.0 = Release|Any CPU
		{3B9A39FB-A83D-4B50-AC56-EFAE78EAB7E4}.Release|Any CPU.Deploy.0 = Release|Any CPU
		{3B9A39FB-A83D-4B50-AC56-EFAE78EAB7E4}.Release|iPhone.ActiveCfg = Release|Any CPU
		{3B9A39FB-A83D-4B50-AC56-EFAE78EAB7E4}.Release|iPhone.Build.0 = Release|Any CPU
		{3B9A39FB-A83D-4B50-AC56-EFAE78EAB7E4}.Release|iPhone.Deploy.0 = Release|Any CPU
		{3B9A39FB-A83D-4B50-AC56-EFAE78EAB7E4}.Release|iPhoneSimulator.ActiveCfg = Release|Any CPU
		{3B9A39FB-A83D-4B50-AC56-EFAE78EAB7E4}.Release|iPhoneSimulator.Build.0 = Release|Any CPU
		{3B9A39FB-A83D-4B50-AC56-EFAE78EAB7E4}.Release|iPhoneSimulator.Deploy.0 = Release|Any CPU
	EndGlobalSection
	GlobalSection(SolutionProperties) = preSolution
		HideSolutionNode = FALSE
	EndGlobalSection
	GlobalSection(ExtensibilityGlobals) = postSolution
		SolutionGuid = {68BDAAB8-A4E3-42DD-A36F-792B3ACA9D4F}
	EndGlobalSection
EndGlobal
